// !$*UTF8*$!
{
	archiveVersion = 1;
	classes = {
	};
	objectVersion = 50;
	objects = {

/* Begin PBXBuildFile section */
		8262E21026F8F0650061D4F6 /* BOJ2577.cpp in Sources */ = {isa = PBXBuildFile; fileRef = 8262E20E26F8F0650061D4F6 /* BOJ2577.cpp */; };
		8262E21326F8FAE50061D4F6 /* BOJ11328.cpp in Sources */ = {isa = PBXBuildFile; fileRef = 8262E21126F8FAE50061D4F6 /* BOJ11328.cpp */; };
		8299C00D26F8566600A0964D /* BOJ10808.cpp in Sources */ = {isa = PBXBuildFile; fileRef = 8299C00B26F8566600A0964D /* BOJ10808.cpp */; };
		8299C01026F8570400A0964D /* PLUS100.cpp in Sources */ = {isa = PBXBuildFile; fileRef = 8299C00E26F8570400A0964D /* PLUS100.cpp */; };
		8299C01326F85C9C00A0964D /* BOJ10807.cpp in Sources */ = {isa = PBXBuildFile; fileRef = 8299C01126F85C9C00A0964D /* BOJ10807.cpp */; };
		829FDC9D26FC1AA200C927F7 /* StackBasic.cpp in Sources */ = {isa = PBXBuildFile; fileRef = 829FDC9B26FC1AA200C927F7 /* StackBasic.cpp */; };
		829FDCA026FC1DD600C927F7 /* BOJ10828.cpp in Sources */ = {isa = PBXBuildFile; fileRef = 829FDC9E26FC1DD600C927F7 /* BOJ10828.cpp */; };
		82A23E4A26FB5CCB006F60CB /* BOJ1406.cpp in Sources */ = {isa = PBXBuildFile; fileRef = 82A23E4826FB5CCB006F60CB /* BOJ1406.cpp */; };
		82A5F06826F6DB4600676B09 /* ArrayBasic.cpp in Sources */ = {isa = PBXBuildFile; fileRef = 82A5F06626F6DB4600676B09 /* ArrayBasic.cpp */; };
		82A80DF626FCE89400DC5398 /* QueueBasic.cpp in Sources */ = {isa = PBXBuildFile; fileRef = 82A80DF426FCE89400DC5398 /* QueueBasic.cpp */; };
		82B85AD126FA3BB100ACCC49 /* Traverse.cpp in Sources */ = {isa = PBXBuildFile; fileRef = 82B85ACF26FA3BB100ACCC49 /* Traverse.cpp */; };
		82B85AD426FA472B00ACCC49 /* List_STL.cpp in Sources */ = {isa = PBXBuildFile; fileRef = 82B85AD226FA472B00ACCC49 /* List_STL.cpp */; };
		82FE28FD268EF95500C20D21 /* main.cpp in Sources */ = {isa = PBXBuildFile; fileRef = 82FE28FC268EF95500C20D21 /* main.cpp */; };
/* End PBXBuildFile section */

/* Begin PBXCopyFilesBuildPhase section */
		82FE28F7268EF95500C20D21 /* CopyFiles */ = {
			isa = PBXCopyFilesBuildPhase;
			buildActionMask = 2147483647;
			dstPath = /usr/share/man/man1/;
			dstSubfolderSpec = 0;
			files = (
			);
			runOnlyForDeploymentPostprocessing = 1;
		};
/* End PBXCopyFilesBuildPhase section */

/* Begin PBXFileReference section */
		8262E20E26F8F0650061D4F6 /* BOJ2577.cpp */ = {isa = PBXFileReference; lastKnownFileType = sourcecode.cpp.cpp; path = BOJ2577.cpp; sourceTree = "<group>"; };
		8262E20F26F8F0650061D4F6 /* BOJ2577.hpp */ = {isa = PBXFileReference; lastKnownFileType = sourcecode.cpp.h; path = BOJ2577.hpp; sourceTree = "<group>"; };
		8262E21126F8FAE50061D4F6 /* BOJ11328.cpp */ = {isa = PBXFileReference; lastKnownFileType = sourcecode.cpp.cpp; path = BOJ11328.cpp; sourceTree = "<group>"; };
		8262E21226F8FAE50061D4F6 /* BOJ11328.hpp */ = {isa = PBXFileReference; lastKnownFileType = sourcecode.cpp.h; path = BOJ11328.hpp; sourceTree = "<group>"; };
		8299C00B26F8566600A0964D /* BOJ10808.cpp */ = {isa = PBXFileReference; lastKnownFileType = sourcecode.cpp.cpp; path = BOJ10808.cpp; sourceTree = "<group>"; };
		8299C00C26F8566600A0964D /* BOJ10808.hpp */ = {isa = PBXFileReference; lastKnownFileType = sourcecode.cpp.h; path = BOJ10808.hpp; sourceTree = "<group>"; };
		8299C00E26F8570400A0964D /* PLUS100.cpp */ = {isa = PBXFileReference; lastKnownFileType = sourcecode.cpp.cpp; path = PLUS100.cpp; sourceTree = "<group>"; };
		8299C00F26F8570400A0964D /* PLUS100.hpp */ = {isa = PBXFileReference; lastKnownFileType = sourcecode.cpp.h; path = PLUS100.hpp; sourceTree = "<group>"; };
		8299C01126F85C9C00A0964D /* BOJ10807.cpp */ = {isa = PBXFileReference; lastKnownFileType = sourcecode.cpp.cpp; path = BOJ10807.cpp; sourceTree = "<group>"; };
		8299C01226F85C9C00A0964D /* BOJ10807.hpp */ = {isa = PBXFileReference; lastKnownFileType = sourcecode.cpp.h; path = BOJ10807.hpp; sourceTree = "<group>"; };
		829FDC9B26FC1AA200C927F7 /* StackBasic.cpp */ = {isa = PBXFileReference; lastKnownFileType = sourcecode.cpp.cpp; path = StackBasic.cpp; sourceTree = "<group>"; };
		829FDC9C26FC1AA200C927F7 /* StackBasic.hpp */ = {isa = PBXFileReference; lastKnownFileType = sourcecode.cpp.h; path = StackBasic.hpp; sourceTree = "<group>"; };
		829FDC9E26FC1DD600C927F7 /* BOJ10828.cpp */ = {isa = PBXFileReference; lastKnownFileType = sourcecode.cpp.cpp; path = BOJ10828.cpp; sourceTree = "<group>"; };
		829FDC9F26FC1DD600C927F7 /* BOJ10828.hpp */ = {isa = PBXFileReference; lastKnownFileType = sourcecode.cpp.h; path = BOJ10828.hpp; sourceTree = "<group>"; };
		82A23E4826FB5CCB006F60CB /* BOJ1406.cpp */ = {isa = PBXFileReference; lastKnownFileType = sourcecode.cpp.cpp; path = BOJ1406.cpp; sourceTree = "<group>"; };
		82A23E4926FB5CCB006F60CB /* BOJ1406.hpp */ = {isa = PBXFileReference; lastKnownFileType = sourcecode.cpp.h; path = BOJ1406.hpp; sourceTree = "<group>"; };
		82A5F06626F6DB4600676B09 /* ArrayBasic.cpp */ = {isa = PBXFileReference; lastKnownFileType = sourcecode.cpp.cpp; path = ArrayBasic.cpp; sourceTree = "<group>"; };
		82A5F06726F6DB4600676B09 /* ArrayBasic.hpp */ = {isa = PBXFileReference; lastKnownFileType = sourcecode.cpp.h; path = ArrayBasic.hpp; sourceTree = "<group>"; };
		82A80DF426FCE89400DC5398 /* QueueBasic.cpp */ = {isa = PBXFileReference; lastKnownFileType = sourcecode.cpp.cpp; path = QueueBasic.cpp; sourceTree = "<group>"; };
		82A80DF526FCE89400DC5398 /* QueueBasic.hpp */ = {isa = PBXFileReference; lastKnownFileType = sourcecode.cpp.h; path = QueueBasic.hpp; sourceTree = "<group>"; };
		82B85ACF26FA3BB100ACCC49 /* Traverse.cpp */ = {isa = PBXFileReference; lastKnownFileType = sourcecode.cpp.cpp; path = Traverse.cpp; sourceTree = "<group>"; };
		82B85AD026FA3BB100ACCC49 /* Traverse.hpp */ = {isa = PBXFileReference; lastKnownFileType = sourcecode.cpp.h; path = Traverse.hpp; sourceTree = "<group>"; };
		82B85AD226FA472B00ACCC49 /* List_STL.cpp */ = {isa = PBXFileReference; lastKnownFileType = sourcecode.cpp.cpp; path = List_STL.cpp; sourceTree = "<group>"; };
		82B85AD326FA472B00ACCC49 /* List_STL.hpp */ = {isa = PBXFileReference; lastKnownFileType = sourcecode.cpp.h; path = List_STL.hpp; sourceTree = "<group>"; };
		82FE28F9268EF95500C20D21 /* Algorithm */ = {isa = PBXFileReference; explicitFileType = "compiled.mach-o.executable"; includeInIndex = 0; path = Algorithm; sourceTree = BUILT_PRODUCTS_DIR; };
		82FE28FC268EF95500C20D21 /* main.cpp */ = {isa = PBXFileReference; lastKnownFileType = sourcecode.cpp.cpp; path = main.cpp; sourceTree = "<group>"; };
/* End PBXFileReference section */

/* Begin PBXFrameworksBuildPhase section */
		82FE28F6268EF95500C20D21 /* Frameworks */ = {
			isa = PBXFrameworksBuildPhase;
			buildActionMask = 2147483647;
			files = (
			);
			runOnlyForDeploymentPostprocessing = 0;
		};
/* End PBXFrameworksBuildPhase section */

/* Begin PBXGroup section */
		829FDC9A26FC1A6900C927F7 /* Stack */ = {
			isa = PBXGroup;
			children = (
				829FDC9B26FC1AA200C927F7 /* StackBasic.cpp */,
				829FDC9C26FC1AA200C927F7 /* StackBasic.hpp */,
				829FDC9E26FC1DD600C927F7 /* BOJ10828.cpp */,
				829FDC9F26FC1DD600C927F7 /* BOJ10828.hpp */,
			);
			path = Stack;
			sourceTree = "<group>";
		};
		82A5F06526F6DB1F00676B09 /* Array */ = {
			isa = PBXGroup;
			children = (
				82A5F06626F6DB4600676B09 /* ArrayBasic.cpp */,
				82A5F06726F6DB4600676B09 /* ArrayBasic.hpp */,
				8299C00B26F8566600A0964D /* BOJ10808.cpp */,
				8299C00C26F8566600A0964D /* BOJ10808.hpp */,
				8299C00E26F8570400A0964D /* PLUS100.cpp */,
				8299C00F26F8570400A0964D /* PLUS100.hpp */,
				8299C01126F85C9C00A0964D /* BOJ10807.cpp */,
				8299C01226F85C9C00A0964D /* BOJ10807.hpp */,
				8262E20E26F8F0650061D4F6 /* BOJ2577.cpp */,
				8262E20F26F8F0650061D4F6 /* BOJ2577.hpp */,
				8262E21126F8FAE50061D4F6 /* BOJ11328.cpp */,
				8262E21226F8FAE50061D4F6 /* BOJ11328.hpp */,
			);
			path = Array;
			sourceTree = "<group>";
		};
		82A80DF326FCE88200DC5398 /* Queue */ = {
			isa = PBXGroup;
			children = (
				82A80DF426FCE89400DC5398 /* QueueBasic.cpp */,
				82A80DF526FCE89400DC5398 /* QueueBasic.hpp */,
			);
			path = Queue;
			sourceTree = "<group>";
		};
		82B85ACE26FA3B8B00ACCC49 /* LinkedList */ = {
			isa = PBXGroup;
			children = (
				82B85ACF26FA3BB100ACCC49 /* Traverse.cpp */,
				82B85AD026FA3BB100ACCC49 /* Traverse.hpp */,
				82B85AD226FA472B00ACCC49 /* List_STL.cpp */,
				82B85AD326FA472B00ACCC49 /* List_STL.hpp */,
				82A23E4826FB5CCB006F60CB /* BOJ1406.cpp */,
				82A23E4926FB5CCB006F60CB /* BOJ1406.hpp */,
			);
			path = LinkedList;
			sourceTree = "<group>";
		};
		82FE28F0268EF95500C20D21 = {
			isa = PBXGroup;
			children = (
				82FE28FB268EF95500C20D21 /* Algorithm */,
				82FE28FA268EF95500C20D21 /* Products */,
			);
			sourceTree = "<group>";
		};
		82FE28FA268EF95500C20D21 /* Products */ = {
			isa = PBXGroup;
			children = (
				82FE28F9268EF95500C20D21 /* Algorithm */,
			);
			name = Products;
			sourceTree = "<group>";
		};
		82FE28FB268EF95500C20D21 /* Algorithm */ = {
			isa = PBXGroup;
			children = (
				82A80DF326FCE88200DC5398 /* Queue */,
				829FDC9A26FC1A6900C927F7 /* Stack */,
				82B85ACE26FA3B8B00ACCC49 /* LinkedList */,
				82A5F06526F6DB1F00676B09 /* Array */,
				82FE28FC268EF95500C20D21 /* main.cpp */,
			);
			path = Algorithm;
			sourceTree = "<group>";
		};
/* End PBXGroup section */

/* Begin PBXNativeTarget section */
		82FE28F8268EF95500C20D21 /* Algorithm */ = {
			isa = PBXNativeTarget;
			buildConfigurationList = 82FE2900268EF95500C20D21 /* Build configuration list for PBXNativeTarget "Algorithm" */;
			buildPhases = (
				82FE28F5268EF95500C20D21 /* Sources */,
				82FE28F6268EF95500C20D21 /* Frameworks */,
				82FE28F7268EF95500C20D21 /* CopyFiles */,
			);
			buildRules = (
			);
			dependencies = (
			);
			name = Algorithm;
			productName = Algorithm;
			productReference = 82FE28F9268EF95500C20D21 /* Algorithm */;
			productType = "com.apple.product-type.tool";
		};
/* End PBXNativeTarget section */

/* Begin PBXProject section */
		82FE28F1268EF95500C20D21 /* Project object */ = {
			isa = PBXProject;
			attributes = {
				LastUpgradeCheck = 1250;
				TargetAttributes = {
					82FE28F8268EF95500C20D21 = {
						CreatedOnToolsVersion = 12.5.1;
					};
				};
			};
			buildConfigurationList = 82FE28F4268EF95500C20D21 /* Build configuration list for PBXProject "Algorithm" */;
			compatibilityVersion = "Xcode 9.3";
			developmentRegion = en;
			hasScannedForEncodings = 0;
			knownRegions = (
				en,
				Base,
			);
			mainGroup = 82FE28F0268EF95500C20D21;
			productRefGroup = 82FE28FA268EF95500C20D21 /* Products */;
			projectDirPath = "";
			projectRoot = "";
			targets = (
				82FE28F8268EF95500C20D21 /* Algorithm */,
			);
		};
/* End PBXProject section */

/* Begin PBXSourcesBuildPhase section */
		82FE28F5268EF95500C20D21 /* Sources */ = {
			isa = PBXSourcesBuildPhase;
			buildActionMask = 2147483647;
			files = (
				829FDC9D26FC1AA200C927F7 /* StackBasic.cpp in Sources */,
				82A80DF626FCE89400DC5398 /* QueueBasic.cpp in Sources */,
				8299C00D26F8566600A0964D /* BOJ10808.cpp in Sources */,
				82B85AD126FA3BB100ACCC49 /* Traverse.cpp in Sources */,
				829FDCA026FC1DD600C927F7 /* BOJ10828.cpp in Sources */,
				8299C01026F8570400A0964D /* PLUS100.cpp in Sources */,
				8262E21326F8FAE50061D4F6 /* BOJ11328.cpp in Sources */,
				8299C01326F85C9C00A0964D /* BOJ10807.cpp in Sources */,
				82A5F06826F6DB4600676B09 /* ArrayBasic.cpp in Sources */,
				82A23E4A26FB5CCB006F60CB /* BOJ1406.cpp in Sources */,
				8262E21026F8F0650061D4F6 /* BOJ2577.cpp in Sources */,
				82FE28FD268EF95500C20D21 /* main.cpp in Sources */,
				82B85AD426FA472B00ACCC49 /* List_STL.cpp in Sources */,
			);
			runOnlyForDeploymentPostprocessing = 0;
		};
/* End PBXSourcesBuildPhase section */

/* Begin XCBuildConfiguration section */
		82FE28FE268EF95500C20D21 /* Debug */ = {
			isa = XCBuildConfiguration;
			buildSettings = {
				ALWAYS_SEARCH_USER_PATHS = NO;
				CLANG_ANALYZER_NONNULL = YES;
				CLANG_ANALYZER_NUMBER_OBJECT_CONVERSION = YES_AGGRESSIVE;
				CLANG_CXX_LANGUAGE_STANDARD = "gnu++14";
				CLANG_CXX_LIBRARY = "libc++";
				CLANG_ENABLE_MODULES = YES;
				CLANG_ENABLE_OBJC_ARC = YES;
				CLANG_ENABLE_OBJC_WEAK = YES;
				CLANG_WARN_BLOCK_CAPTURE_AUTORELEASING = YES;
				CLANG_WARN_BOOL_CONVERSION = YES;
				CLANG_WARN_COMMA = YES;
				CLANG_WARN_CONSTANT_CONVERSION = YES;
				CLANG_WARN_DEPRECATED_OBJC_IMPLEMENTATIONS = YES;
				CLANG_WARN_DIRECT_OBJC_ISA_USAGE = YES_ERROR;
				CLANG_WARN_DOCUMENTATION_COMMENTS = YES;
				CLANG_WARN_EMPTY_BODY = YES;
				CLANG_WARN_ENUM_CONVERSION = YES;
				CLANG_WARN_INFINITE_RECURSION = YES;
				CLANG_WARN_INT_CONVERSION = YES;
				CLANG_WARN_NON_LITERAL_NULL_CONVERSION = YES;
				CLANG_WARN_OBJC_IMPLICIT_RETAIN_SELF = YES;
				CLANG_WARN_OBJC_LITERAL_CONVERSION = YES;
				CLANG_WARN_OBJC_ROOT_CLASS = YES_ERROR;
				CLANG_WARN_QUOTED_INCLUDE_IN_FRAMEWORK_HEADER = YES;
				CLANG_WARN_RANGE_LOOP_ANALYSIS = YES;
				CLANG_WARN_STRICT_PROTOTYPES = YES;
				CLANG_WARN_SUSPICIOUS_MOVE = YES;
				CLANG_WARN_UNGUARDED_AVAILABILITY = YES_AGGRESSIVE;
				CLANG_WARN_UNREACHABLE_CODE = YES;
				CLANG_WARN__DUPLICATE_METHOD_MATCH = YES;
				COPY_PHASE_STRIP = NO;
				DEBUG_INFORMATION_FORMAT = dwarf;
				ENABLE_STRICT_OBJC_MSGSEND = YES;
				ENABLE_TESTABILITY = YES;
				GCC_C_LANGUAGE_STANDARD = gnu11;
				GCC_DYNAMIC_NO_PIC = NO;
				GCC_NO_COMMON_BLOCKS = YES;
				GCC_OPTIMIZATION_LEVEL = 0;
				GCC_PREPROCESSOR_DEFINITIONS = (
					"DEBUG=1",
					"$(inherited)",
				);
				GCC_WARN_64_TO_32_BIT_CONVERSION = YES;
				GCC_WARN_ABOUT_RETURN_TYPE = YES_ERROR;
				GCC_WARN_UNDECLARED_SELECTOR = YES;
				GCC_WARN_UNINITIALIZED_AUTOS = YES_AGGRESSIVE;
				GCC_WARN_UNUSED_FUNCTION = YES;
				GCC_WARN_UNUSED_VARIABLE = YES;
				MACOSX_DEPLOYMENT_TARGET = 11.3;
				MTL_ENABLE_DEBUG_INFO = INCLUDE_SOURCE;
				MTL_FAST_MATH = YES;
				ONLY_ACTIVE_ARCH = YES;
				SDKROOT = macosx;
			};
			name = Debug;
		};
		82FE28FF268EF95500C20D21 /* Release */ = {
			isa = XCBuildConfiguration;
			buildSettings = {
				ALWAYS_SEARCH_USER_PATHS = NO;
				CLANG_ANALYZER_NONNULL = YES;
				CLANG_ANALYZER_NUMBER_OBJECT_CONVERSION = YES_AGGRESSIVE;
				CLANG_CXX_LANGUAGE_STANDARD = "gnu++14";
				CLANG_CXX_LIBRARY = "libc++";
				CLANG_ENABLE_MODULES = YES;
				CLANG_ENABLE_OBJC_ARC = YES;
				CLANG_ENABLE_OBJC_WEAK = YES;
				CLANG_WARN_BLOCK_CAPTURE_AUTORELEASING = YES;
				CLANG_WARN_BOOL_CONVERSION = YES;
				CLANG_WARN_COMMA = YES;
				CLANG_WARN_CONSTANT_CONVERSION = YES;
				CLANG_WARN_DEPRECATED_OBJC_IMPLEMENTATIONS = YES;
				CLANG_WARN_DIRECT_OBJC_ISA_USAGE = YES_ERROR;
				CLANG_WARN_DOCUMENTATION_COMMENTS = YES;
				CLANG_WARN_EMPTY_BODY = YES;
				CLANG_WARN_ENUM_CONVERSION = YES;
				CLANG_WARN_INFINITE_RECURSION = YES;
				CLANG_WARN_INT_CONVERSION = YES;
				CLANG_WARN_NON_LITERAL_NULL_CONVERSION = YES;
				CLANG_WARN_OBJC_IMPLICIT_RETAIN_SELF = YES;
				CLANG_WARN_OBJC_LITERAL_CONVERSION = YES;
				CLANG_WARN_OBJC_ROOT_CLASS = YES_ERROR;
				CLANG_WARN_QUOTED_INCLUDE_IN_FRAMEWORK_HEADER = YES;
				CLANG_WARN_RANGE_LOOP_ANALYSIS = YES;
				CLANG_WARN_STRICT_PROTOTYPES = YES;
				CLANG_WARN_SUSPICIOUS_MOVE = YES;
				CLANG_WARN_UNGUARDED_AVAILABILITY = YES_AGGRESSIVE;
				CLANG_WARN_UNREACHABLE_CODE = YES;
				CLANG_WARN__DUPLICATE_METHOD_MATCH = YES;
				COPY_PHASE_STRIP = NO;
				DEBUG_INFORMATION_FORMAT = "dwarf-with-dsym";
				ENABLE_NS_ASSERTIONS = NO;
				ENABLE_STRICT_OBJC_MSGSEND = YES;
				GCC_C_LANGUAGE_STANDARD = gnu11;
				GCC_NO_COMMON_BLOCKS = YES;
				GCC_WARN_64_TO_32_BIT_CONVERSION = YES;
				GCC_WARN_ABOUT_RETURN_TYPE = YES_ERROR;
				GCC_WARN_UNDECLARED_SELECTOR = YES;
				GCC_WARN_UNINITIALIZED_AUTOS = YES_AGGRESSIVE;
				GCC_WARN_UNUSED_FUNCTION = YES;
				GCC_WARN_UNUSED_VARIABLE = YES;
				MACOSX_DEPLOYMENT_TARGET = 11.3;
				MTL_ENABLE_DEBUG_INFO = NO;
				MTL_FAST_MATH = YES;
				SDKROOT = macosx;
			};
			name = Release;
		};
		82FE2901268EF95500C20D21 /* Debug */ = {
			isa = XCBuildConfiguration;
			buildSettings = {
				CODE_SIGN_STYLE = Automatic;
				DEVELOPMENT_TEAM = TA9B4FGCP9;
				ENABLE_HARDENED_RUNTIME = YES;
				PRODUCT_NAME = "$(TARGET_NAME)";
			};
			name = Debug;
		};
		82FE2902268EF95500C20D21 /* Release */ = {
			isa = XCBuildConfiguration;
			buildSettings = {
				CODE_SIGN_STYLE = Automatic;
				DEVELOPMENT_TEAM = TA9B4FGCP9;
				ENABLE_HARDENED_RUNTIME = YES;
				PRODUCT_NAME = "$(TARGET_NAME)";
			};
			name = Release;
		};
/* End XCBuildConfiguration section */

/* Begin XCConfigurationList section */
		82FE28F4268EF95500C20D21 /* Build configuration list for PBXProject "Algorithm" */ = {
			isa = XCConfigurationList;
			buildConfigurations = (
				82FE28FE268EF95500C20D21 /* Debug */,
				82FE28FF268EF95500C20D21 /* Release */,
			);
			defaultConfigurationIsVisible = 0;
			defaultConfigurationName = Release;
		};
		82FE2900268EF95500C20D21 /* Build configuration list for PBXNativeTarget "Algorithm" */ = {
			isa = XCConfigurationList;
			buildConfigurations = (
				82FE2901268EF95500C20D21 /* Debug */,
				82FE2902268EF95500C20D21 /* Release */,
			);
			defaultConfigurationIsVisible = 0;
			defaultConfigurationName = Release;
		};
/* End XCConfigurationList section */
	};
	rootObject = 82FE28F1268EF95500C20D21 /* Project object */;
}
